
Microsoft Visual Studio Solution File, Format Version 12.00
# Visual Studio Version 16
VisualStudioVersion = 16.0.31911.196
MinimumVisualStudioVersion = 10.0.40219.1
Project("{FAE04EC0-301F-11D3-BF4B-00C04F79EFBC}") = "FitYouBackend", "FitYouBackend\FitYouBackend.csproj", "{3CD6A4D7-5C7D-473C-A0F4-A75AFA355065}"
EndProject
Global
	GlobalSection(SolutionConfigurationPlatforms) = preSolution
		Debug|Any CPU = Debug|Any CPU
		Release|Any CPU = Release|Any CPU
	EndGlobalSection
	GlobalSection(ProjectConfigurationPlatforms) = postSolution
		{3CD6A4D7-5C7D-473C-A0F4-A75AFA355065}.Debug|Any CPU.ActiveCfg = Debug|Any CPU
		{3CD6A4D7-5C7D-473C-A0F4-A75AFA355065}.Debug|Any CPU.Build.0 = Debug|Any CPU
		{3CD6A4D7-5C7D-473C-A0F4-A75AFA355065}.Release|Any CPU.ActiveCfg = Release|Any CPU
		{3CD6A4D7-5C7D-473C-A0F4-A75AFA355065}.Release|Any CPU.Build.0 = Release|Any CPU
	EndGlobalSection
	GlobalSection(SolutionProperties) = preSolution
		HideSolutionNode = FALSE
	EndGlobalSection
	GlobalSection(ExtensibilityGlobals) = postSolution
		SolutionGuid = {B13874A8-75C8-4265-82ED-A967BA271424}
	EndGlobalSection
EndGlobal
